
Microsoft Visual Studio Solution File, Format Version 12.00
# Visual Studio 15
VisualStudioVersion = 15.0.27004.2002
MinimumVisualStudioVersion = 10.0.40219.1
Project("{FAE04EC0-301F-11D3-BF4B-00C04F79EFBC}") = "Hotel Booking System", "Hotel Booking System\Hotel Booking System.csproj", "{A7E10D8E-3F41-4497-8EBA-CBABC2542130}"
EndProject
Global
	GlobalSection(SolutionConfigurationPlatforms) = preSolution
		Debug|Any CPU = Debug|Any CPU
		Release|Any CPU = Release|Any CPU
	EndGlobalSection
	GlobalSection(ProjectConfigurationPlatforms) = postSolution
		{A7E10D8E-3F41-4497-8EBA-CBABC2542130}.Debug|Any CPU.ActiveCfg = Debug|Any CPU
		{A7E10D8E-3F41-4497-8EBA-CBABC2542130}.Debug|Any CPU.Build.0 = Debug|Any CPU
		{A7E10D8E-3F41-4497-8EBA-CBABC2542130}.Release|Any CPU.ActiveCfg = Release|Any CPU
		{A7E10D8E-3F41-4497-8EBA-CBABC2542130}.Release|Any CPU.Build.0 = Release|Any CPU
	EndGlobalSection
	GlobalSection(SolutionProperties) = preSolution
		HideSolutionNode = FALSE
	EndGlobalSection
	GlobalSection(ExtensibilityGlobals) = postSolution
		SolutionGuid = {F26BCCFA-10B0-4DDC-ACDF-53C271403354}
	EndGlobalSection
EndGlobal
